Microsoft Visual Studio Solution File, Format Version 12.00
# Visual Studio Version 17
VisualStudioVersion = 17.5.2.0
MinimumVisualStudioVersion = 10.0.40219.1
Project("{FAE04EC0-301F-11D3-BF4B-00C04F79EFBC}") = "student-grades-api", "student-grades-api.csproj", "{F145CDAC-A4AE-E602-DACF-1445ACBDC069}"
EndProject
Global
	GlobalSection(SolutionConfigurationPlatforms) = preSolution
		Debug|Any CPU = Debug|Any CPU
		Release|Any CPU = Release|Any CPU
	EndGlobalSection
	GlobalSection(ProjectConfigurationPlatforms) = postSolution
		{F145CDAC-A4AE-E602-DACF-1445ACBDC069}.Debug|Any CPU.ActiveCfg = Debug|Any CPU
		{F145CDAC-A4AE-E602-DACF-1445ACBDC069}.Debug|Any CPU.Build.0 = Debug|Any CPU
		{F145CDAC-A4AE-E602-DACF-1445ACBDC069}.Release|Any CPU.ActiveCfg = Release|Any CPU
		{F145CDAC-A4AE-E602-DACF-1445ACBDC069}.Release|Any CPU.Build.0 = Release|Any CPU
	EndGlobalSection
	GlobalSection(SolutionProperties) = preSolution
		HideSolutionNode = FALSE
	EndGlobalSection
	GlobalSection(ExtensibilityGlobals) = postSolution
		SolutionGuid = {5028E64D-8D4E-4E8A-855E-57EF397B95E8}
	EndGlobalSection
EndGlobal
